// !$*UTF8*$!
{
	archiveVersion = 1;
	classes = {
	};
	objectVersion = 56;
	objects = {

/* Begin PBXBuildFile section */
		4516881C2C8F2E6A001DC2FB /* ContentSizedTableView.swift in Sources */ = {isa = PBXBuildFile; fileRef = 4516881B2C8F2E6A001DC2FB /* ContentSizedTableView.swift */; };
		45C1CB902C8F171A002A3F57 /* AppDelegate.swift in Sources */ = {isa = PBXBuildFile; fileRef = 45C1CB8F2C8F171A002A3F57 /* AppDelegate.swift */; };
		45C1CB922C8F171A002A3F57 /* SceneDelegate.swift in Sources */ = {isa = PBXBuildFile; fileRef = 45C1CB912C8F171A002A3F57 /* SceneDelegate.swift */; };
		45C1CB942C8F171A002A3F57 /* ViewController.swift in Sources */ = {isa = PBXBuildFile; fileRef = 45C1CB932C8F171A002A3F57 /* ViewController.swift */; };
		45C1CB992C8F171B002A3F57 /* Assets.xcassets in Resources */ = {isa = PBXBuildFile; fileRef = 45C1CB982C8F171B002A3F57 /* Assets.xcassets */; };
		45C1CB9C2C8F171B002A3F57 /* Base in Resources */ = {isa = PBXBuildFile; fileRef = 45C1CB9B2C8F171B002A3F57 /* Base */; };
		45F7CC472C8F19C0000C5DB1 /* ImageLoader.swift in Sources */ = {isa = PBXBuildFile; fileRef = 45F7CC462C8F19C0000C5DB1 /* ImageLoader.swift */; };
		45F7CC492C8F19D2000C5DB1 /* ImageData.swift in Sources */ = {isa = PBXBuildFile; fileRef = 45F7CC482C8F19D2000C5DB1 /* ImageData.swift */; };
		45F7CC4C2C8F1A1C000C5DB1 /* SampleImages in Resources */ = {isa = PBXBuildFile; fileRef = 45F7CC4B2C8F1A1C000C5DB1 /* SampleImages */; };
		45F7CC4F2C8F1AEB000C5DB1 /* SearchInputField.swift in Sources */ = {isa = PBXBuildFile; fileRef = 45F7CC4E2C8F1AEB000C5DB1 /* SearchInputField.swift */; };
		45F7CC512C8F1B01000C5DB1 /* MysteryButton.swift in Sources */ = {isa = PBXBuildFile; fileRef = 45F7CC502C8F1B01000C5DB1 /* MysteryButton.swift */; };
		45F7CC532C8F1B14000C5DB1 /* MysteryBottomSheetView.swift in Sources */ = {isa = PBXBuildFile; fileRef = 45F7CC522C8F1B14000C5DB1 /* MysteryBottomSheetView.swift */; };
		45F7CC552C8F1B26000C5DB1 /* DescriptionListView.swift in Sources */ = {isa = PBXBuildFile; fileRef = 45F7CC542C8F1B26000C5DB1 /* DescriptionListView.swift */; };
		45F7CC582C8F1B60000C5DB1 /* Collection+Safe.swift in Sources */ = {isa = PBXBuildFile; fileRef = 45F7CC572C8F1B60000C5DB1 /* Collection+Safe.swift */; };
		45F7CC5A2C8F1B84000C5DB1 /* CarouselViewController.swift in Sources */ = {isa = PBXBuildFile; fileRef = 45F7CC592C8F1B84000C5DB1 /* CarouselViewController.swift */; };
		45F7CC5D2C8F1D59000C5DB1 /* ImageCollectionViewCell.swift in Sources */ = {isa = PBXBuildFile; fileRef = 45F7CC5C2C8F1D59000C5DB1 /* ImageCollectionViewCell.swift */; };
/* End PBXBuildFile section */

/* Begin PBXFileReference section */
		4516881B2C8F2E6A001DC2FB /* ContentSizedTableView.swift */ = {isa = PBXFileReference; lastKnownFileType = sourcecode.swift; path = ContentSizedTableView.swift; sourceTree = "<group>"; };
		45C1CB8C2C8F171A002A3F57 /* ImagesDisplayer.app */ = {isa = PBXFileReference; explicitFileType = wrapper.application; includeInIndex = 0; path = ImagesDisplayer.app; sourceTree = BUILT_PRODUCTS_DIR; };
		45C1CB8F2C8F171A002A3F57 /* AppDelegate.swift */ = {isa = PBXFileReference; lastKnownFileType = sourcecode.swift; path = AppDelegate.swift; sourceTree = "<group>"; };
		45C1CB912C8F171A002A3F57 /* SceneDelegate.swift */ = {isa = PBXFileReference; lastKnownFileType = sourcecode.swift; path = SceneDelegate.swift; sourceTree = "<group>"; };
		45C1CB932C8F171A002A3F57 /* ViewController.swift */ = {isa = PBXFileReference; lastKnownFileType = sourcecode.swift; path = ViewController.swift; sourceTree = "<group>"; };
		45C1CB982C8F171B002A3F57 /* Assets.xcassets */ = {isa = PBXFileReference; lastKnownFileType = folder.assetcatalog; path = Assets.xcassets; sourceTree = "<group>"; };
		45C1CB9B2C8F171B002A3F57 /* Base */ = {isa = PBXFileReference; lastKnownFileType = file.storyboard; name = Base; path = Base.lproj/LaunchScreen.storyboard; sourceTree = "<group>"; };
		45C1CB9D2C8F171B002A3F57 /* Info.plist */ = {isa = PBXFileReference; lastKnownFileType = text.plist.xml; path = Info.plist; sourceTree = "<group>"; };
		45F7CC462C8F19C0000C5DB1 /* ImageLoader.swift */ = {isa = PBXFileReference; lastKnownFileType = sourcecode.swift; path = ImageLoader.swift; sourceTree = "<group>"; };
		45F7CC482C8F19D2000C5DB1 /* ImageData.swift */ = {isa = PBXFileReference; lastKnownFileType = sourcecode.swift; path = ImageData.swift; sourceTree = "<group>"; };
		45F7CC4B2C8F1A1C000C5DB1 /* SampleImages */ = {isa = PBXFileReference; lastKnownFileType = folder; path = SampleImages; sourceTree = "<group>"; };
		45F7CC4E2C8F1AEB000C5DB1 /* SearchInputField.swift */ = {isa = PBXFileReference; lastKnownFileType = sourcecode.swift; path = SearchInputField.swift; sourceTree = "<group>"; };
		45F7CC502C8F1B01000C5DB1 /* MysteryButton.swift */ = {isa = PBXFileReference; lastKnownFileType = sourcecode.swift; path = MysteryButton.swift; sourceTree = "<group>"; };
		45F7CC522C8F1B14000C5DB1 /* MysteryBottomSheetView.swift */ = {isa = PBXFileReference; lastKnownFileType = sourcecode.swift; path = MysteryBottomSheetView.swift; sourceTree = "<group>"; };
		45F7CC542C8F1B26000C5DB1 /* DescriptionListView.swift */ = {isa = PBXFileReference; lastKnownFileType = sourcecode.swift; path = DescriptionListView.swift; sourceTree = "<group>"; };
		45F7CC572C8F1B60000C5DB1 /* Collection+Safe.swift */ = {isa = PBXFileReference; fileEncoding = 4; lastKnownFileType = sourcecode.swift; path = "Collection+Safe.swift"; sourceTree = "<group>"; };
		45F7CC592C8F1B84000C5DB1 /* CarouselViewController.swift */ = {isa = PBXFileReference; lastKnownFileType = sourcecode.swift; path = CarouselViewController.swift; sourceTree = "<group>"; };
		45F7CC5C2C8F1D59000C5DB1 /* ImageCollectionViewCell.swift */ = {isa = PBXFileReference; lastKnownFileType = sourcecode.swift; path = ImageCollectionViewCell.swift; sourceTree = "<group>"; };
/* End PBXFileReference section */

/* Begin PBXFrameworksBuildPhase section */
		45C1CB892C8F171A002A3F57 /* Frameworks */ = {
			isa = PBXFrameworksBuildPhase;
			buildActionMask = 2147483647;
			files = (
			);
			runOnlyForDeploymentPostprocessing = 0;
		};
/* End PBXFrameworksBuildPhase section */

/* Begin PBXGroup section */
		45C1CB832C8F171A002A3F57 = {
			isa = PBXGroup;
			children = (
				45C1CB8E2C8F171A002A3F57 /* ImagesDisplayer */,
				45C1CB8D2C8F171A002A3F57 /* Products */,
			);
			sourceTree = "<group>";
		};
		45C1CB8D2C8F171A002A3F57 /* Products */ = {
			isa = PBXGroup;
			children = (
				45C1CB8C2C8F171A002A3F57 /* ImagesDisplayer.app */,
			);
			name = Products;
			sourceTree = "<group>";
		};
		45C1CB8E2C8F171A002A3F57 /* ImagesDisplayer */ = {
			isa = PBXGroup;
			children = (
				45F7CC4B2C8F1A1C000C5DB1 /* SampleImages */,
				45C1CB8F2C8F171A002A3F57 /* AppDelegate.swift */,
				45C1CB912C8F171A002A3F57 /* SceneDelegate.swift */,
				45F7CC562C8F1B51000C5DB1 /* Extensions */,
				45F7CC4D2C8F1AE1000C5DB1 /* CustomViews */,
				45F7CC4A2C8F19FD000C5DB1 /* ImageProcessing */,
				45C1CB932C8F171A002A3F57 /* ViewController.swift */,
				45C1CB982C8F171B002A3F57 /* Assets.xcassets */,
				45C1CB9A2C8F171B002A3F57 /* LaunchScreen.storyboard */,
				45C1CB9D2C8F171B002A3F57 /* Info.plist */,
			);
			path = ImagesDisplayer;
			sourceTree = "<group>";
		};
		45F7CC4A2C8F19FD000C5DB1 /* ImageProcessing */ = {
			isa = PBXGroup;
			children = (
				45F7CC462C8F19C0000C5DB1 /* ImageLoader.swift */,
				45F7CC482C8F19D2000C5DB1 /* ImageData.swift */,
			);
			path = ImageProcessing;
			sourceTree = "<group>";
		};
		45F7CC4D2C8F1AE1000C5DB1 /* CustomViews */ = {
			isa = PBXGroup;
			children = (
				45F7CC4E2C8F1AEB000C5DB1 /* SearchInputField.swift */,
				45F7CC502C8F1B01000C5DB1 /* MysteryButton.swift */,
				45F7CC522C8F1B14000C5DB1 /* MysteryBottomSheetView.swift */,
				45F7CC542C8F1B26000C5DB1 /* DescriptionListView.swift */,
				4516881B2C8F2E6A001DC2FB /* ContentSizedTableView.swift */,
				45F7CC5B2C8F1D52000C5DB1 /* Carousel */,
			);
			path = CustomViews;
			sourceTree = "<group>";
		};
		45F7CC562C8F1B51000C5DB1 /* Extensions */ = {
			isa = PBXGroup;
			children = (
				45F7CC572C8F1B60000C5DB1 /* Collection+Safe.swift */,
			);
			path = Extensions;
			sourceTree = "<group>";
		};
		45F7CC5B2C8F1D52000C5DB1 /* Carousel */ = {
			isa = PBXGroup;
			children = (
				45F7CC592C8F1B84000C5DB1 /* CarouselViewController.swift */,
				45F7CC5C2C8F1D59000C5DB1 /* ImageCollectionViewCell.swift */,
			);
			path = Carousel;
			sourceTree = "<group>";
		};
/* End PBXGroup section */

/* Begin PBXNativeTarget section */
		45C1CB8B2C8F171A002A3F57 /* ImagesDisplayer */ = {
			isa = PBXNativeTarget;
			buildConfigurationList = 45C1CBA02C8F171B002A3F57 /* Build configuration list for PBXNativeTarget "ImagesDisplayer" */;
			buildPhases = (
				45C1CB882C8F171A002A3F57 /* Sources */,
				45C1CB892C8F171A002A3F57 /* Frameworks */,
				45C1CB8A2C8F171A002A3F57 /* Resources */,
			);
			buildRules = (
			);
			dependencies = (
			);
			name = ImagesDisplayer;
			productName = ImagesDisplayer;
			productReference = 45C1CB8C2C8F171A002A3F57 /* ImagesDisplayer.app */;
			productType = "com.apple.product-type.application";
		};
/* End PBXNativeTarget section */

/* Begin PBXProject section */
		45C1CB842C8F171A002A3F57 /* Project object */ = {
			isa = PBXProject;
			attributes = {
				BuildIndependentTargetsInParallel = 1;
				LastSwiftUpdateCheck = 1540;
				LastUpgradeCheck = 1540;
				TargetAttributes = {
					45C1CB8B2C8F171A002A3F57 = {
						CreatedOnToolsVersion = 15.4;
					};
				};
			};
			buildConfigurationList = 45C1CB872C8F171A002A3F57 /* Build configuration list for PBXProject "ImagesDisplayer" */;
			compatibilityVersion = "Xcode 14.0";
			developmentRegion = en;
			hasScannedForEncodings = 0;
			knownRegions = (
				en,
				Base,
			);
			mainGroup = 45C1CB832C8F171A002A3F57;
			productRefGroup = 45C1CB8D2C8F171A002A3F57 /* Products */;
			projectDirPath = "";
			projectRoot = "";
			targets = (
				45C1CB8B2C8F171A002A3F57 /* ImagesDisplayer */,
			);
		};
/* End PBXProject section */

/* Begin PBXResourcesBuildPhase section */
		45C1CB8A2C8F171A002A3F57 /* Resources */ = {
			isa = PBXResourcesBuildPhase;
			buildActionMask = 2147483647;
			files = (
				45C1CB992C8F171B002A3F57 /* Assets.xcassets in Resources */,
				45C1CB9C2C8F171B002A3F57 /* Base in Resources */,
				45F7CC4C2C8F1A1C000C5DB1 /* SampleImages in Resources */,
			);
			runOnlyForDeploymentPostprocessing = 0;
		};
/* End PBXResourcesBuildPhase section */

/* Begin PBXSourcesBuildPhase section */
		45C1CB882C8F171A002A3F57 /* Sources */ = {
			isa = PBXSourcesBuildPhase;
			buildActionMask = 2147483647;
			files = (
				45F7CC5A2C8F1B84000C5DB1 /* CarouselViewController.swift in Sources */,
				45F7CC552C8F1B26000C5DB1 /* DescriptionListView.swift in Sources */,
				45C1CB942C8F171A002A3F57 /* ViewController.swift in Sources */,
				45C1CB902C8F171A002A3F57 /* AppDelegate.swift in Sources */,
				45F7CC472C8F19C0000C5DB1 /* ImageLoader.swift in Sources */,
				45F7CC582C8F1B60000C5DB1 /* Collection+Safe.swift in Sources */,
				45F7CC5D2C8F1D59000C5DB1 /* ImageCollectionViewCell.swift in Sources */,
				45F7CC492C8F19D2000C5DB1 /* ImageData.swift in Sources */,
				45C1CB922C8F171A002A3F57 /* SceneDelegate.swift in Sources */,
				45F7CC532C8F1B14000C5DB1 /* MysteryBottomSheetView.swift in Sources */,
				4516881C2C8F2E6A001DC2FB /* ContentSizedTableView.swift in Sources */,
				45F7CC512C8F1B01000C5DB1 /* MysteryButton.swift in Sources */,
				45F7CC4F2C8F1AEB000C5DB1 /* SearchInputField.swift in Sources */,
			);
			runOnlyForDeploymentPostprocessing = 0;
		};
/* End PBXSourcesBuildPhase section */

/* Begin PBXVariantGroup section */
		45C1CB9A2C8F171B002A3F57 /* LaunchScreen.storyboard */ = {
			isa = PBXVariantGroup;
			children = (
				45C1CB9B2C8F171B002A3F57 /* Base */,
			);
			name = LaunchScreen.storyboard;
			sourceTree = "<group>";
		};
/* End PBXVariantGroup section */

/* Begin XCBuildConfiguration section */
		45C1CB9E2C8F171B002A3F57 /* Debug */ = {
			isa = XCBuildConfiguration;
			buildSettings = {
				ALWAYS_SEARCH_USER_PATHS = NO;
				ASSETCATALOG_COMPILER_GENERATE_SWIFT_ASSET_SYMBOL_EXTENSIONS = YES;
				CLANG_ANALYZER_NONNULL = YES;
				CLANG_ANALYZER_NUMBER_OBJECT_CONVERSION = YES_AGGRESSIVE;
				CLANG_CXX_LANGUAGE_STANDARD = "gnu++20";
				CLANG_ENABLE_MODULES = YES;
				CLANG_ENABLE_OBJC_ARC = YES;
				CLANG_ENABLE_OBJC_WEAK = YES;
				CLANG_WARN_BLOCK_CAPTURE_AUTORELEASING = YES;
				CLANG_WARN_BOOL_CONVERSION = YES;
				CLANG_WARN_COMMA = YES;
				CLANG_WARN_CONSTANT_CONVERSION = YES;
				CLANG_WARN_DEPRECATED_OBJC_IMPLEMENTATIONS = YES;
				CLANG_WARN_DIRECT_OBJC_ISA_USAGE = YES_ERROR;
				CLANG_WARN_DOCUMENTATION_COMMENTS = YES;
				CLANG_WARN_EMPTY_BODY = YES;
				CLANG_WARN_ENUM_CONVERSION = YES;
				CLANG_WARN_INFINITE_RECURSION = YES;
				CLANG_WARN_INT_CONVERSION = YES;
				CLANG_WARN_NON_LITERAL_NULL_CONVERSION = YES;
				CLANG_WARN_OBJC_IMPLICIT_RETAIN_SELF = YES;
				CLANG_WARN_OBJC_LITERAL_CONVERSION = YES;
				CLANG_WARN_OBJC_ROOT_CLASS = YES_ERROR;
				CLANG_WARN_QUOTED_INCLUDE_IN_FRAMEWORK_HEADER = YES;
				CLANG_WARN_RANGE_LOOP_ANALYSIS = YES;
				CLANG_WARN_STRICT_PROTOTYPES = YES;
				CLANG_WARN_SUSPICIOUS_MOVE = YES;
				CLANG_WARN_UNGUARDED_AVAILABILITY = YES_AGGRESSIVE;
				CLANG_WARN_UNREACHABLE_CODE = YES;
				CLANG_WARN__DUPLICATE_METHOD_MATCH = YES;
				COPY_PHASE_STRIP = NO;
				DEBUG_INFORMATION_FORMAT = dwarf;
				ENABLE_STRICT_OBJC_MSGSEND = YES;
				ENABLE_TESTABILITY = YES;
				ENABLE_USER_SCRIPT_SANDBOXING = YES;
				GCC_C_LANGUAGE_STANDARD = gnu17;
				GCC_DYNAMIC_NO_PIC = NO;
				GCC_NO_COMMON_BLOCKS = YES;
				GCC_OPTIMIZATION_LEVEL = 0;
				GCC_PREPROCESSOR_DEFINITIONS = (
					"DEBUG=1",
					"$(inherited)",
				);
				GCC_WARN_64_TO_32_BIT_CONVERSION = YES;
				GCC_WARN_ABOUT_RETURN_TYPE = YES_ERROR;
				GCC_WARN_UNDECLARED_SELECTOR = YES;
				GCC_WARN_UNINITIALIZED_AUTOS = YES_AGGRESSIVE;
				GCC_WARN_UNUSED_FUNCTION = YES;
				GCC_WARN_UNUSED_VARIABLE = YES;
				IPHONEOS_DEPLOYMENT_TARGET = 17.5;
				LOCALIZATION_PREFERS_STRING_CATALOGS = YES;
				MTL_ENABLE_DEBUG_INFO = INCLUDE_SOURCE;
				MTL_FAST_MATH = YES;
				ONLY_ACTIVE_ARCH = YES;
				SDKROOT = iphoneos;
				SWIFT_ACTIVE_COMPILATION_CONDITIONS = "DEBUG $(inherited)";
				SWIFT_OPTIMIZATION_LEVEL = "-Onone";
			};
			name = Debug;
		};
		45C1CB9F2C8F171B002A3F57 /* Release */ = {
			isa = XCBuildConfiguration;
			buildSettings = {
				ALWAYS_SEARCH_USER_PATHS = NO;
				ASSETCATALOG_COMPILER_GENERATE_SWIFT_ASSET_SYMBOL_EXTENSIONS = YES;
				CLANG_ANALYZER_NONNULL = YES;
				CLANG_ANALYZER_NUMBER_OBJECT_CONVERSION = YES_AGGRESSIVE;
				CLANG_CXX_LANGUAGE_STANDARD = "gnu++20";
				CLANG_ENABLE_MODULES = YES;
				CLANG_ENABLE_OBJC_ARC = YES;
				CLANG_ENABLE_OBJC_WEAK = YES;
				CLANG_WARN_BLOCK_CAPTURE_AUTORELEASING = YES;
				CLANG_WARN_BOOL_CONVERSION = YES;
				CLANG_WARN_COMMA = YES;
				CLANG_WARN_CONSTANT_CONVERSION = YES;
				CLANG_WARN_DEPRECATED_OBJC_IMPLEMENTATIONS = YES;
				CLANG_WARN_DIRECT_OBJC_ISA_USAGE = YES_ERROR;
				CLANG_WARN_DOCUMENTATION_COMMENTS = YES;
				CLANG_WARN_EMPTY_BODY = YES;
				CLANG_WARN_ENUM_CONVERSION = YES;
				CLANG_WARN_INFINITE_RECURSION = YES;
				CLANG_WARN_INT_CONVERSION = YES;
				CLANG_WARN_NON_LITERAL_NULL_CONVERSION = YES;
				CLANG_WARN_OBJC_IMPLICIT_RETAIN_SELF = YES;
				CLANG_WARN_OBJC_LITERAL_CONVERSION = YES;
				CLANG_WARN_OBJC_ROOT_CLASS = YES_ERROR;
				CLANG_WARN_QUOTED_INCLUDE_IN_FRAMEWORK_HEADER = YES;
				CLANG_WARN_RANGE_LOOP_ANALYSIS = YES;
				CLANG_WARN_STRICT_PROTOTYPES = YES;
				CLANG_WARN_SUSPICIOUS_MOVE = YES;
				CLANG_WARN_UNGUARDED_AVAILABILITY = YES_AGGRESSIVE;
				CLANG_WARN_UNREACHABLE_CODE = YES;
				CLANG_WARN__DUPLICATE_METHOD_MATCH = YES;
				COPY_PHASE_STRIP = NO;
				DEBUG_INFORMATION_FORMAT = "dwarf-with-dsym";
				ENABLE_NS_ASSERTIONS = NO;
				ENABLE_STRICT_OBJC_MSGSEND = YES;
				ENABLE_USER_SCRIPT_SANDBOXING = YES;
				GCC_C_LANGUAGE_STANDARD = gnu17;
				GCC_NO_COMMON_BLOCKS = YES;
				GCC_WARN_64_TO_32_BIT_CONVERSION = YES;
				GCC_WARN_ABOUT_RETURN_TYPE = YES_ERROR;
				GCC_WARN_UNDECLARED_SELECTOR = YES;
				GCC_WARN_UNINITIALIZED_AUTOS = YES_AGGRESSIVE;
				GCC_WARN_UNUSED_FUNCTION = YES;
				GCC_WARN_UNUSED_VARIABLE = YES;
				IPHONEOS_DEPLOYMENT_TARGET = 17.5;
				LOCALIZATION_PREFERS_STRING_CATALOGS = YES;
				MTL_ENABLE_DEBUG_INFO = NO;
				MTL_FAST_MATH = YES;
				SDKROOT = iphoneos;
				SWIFT_COMPILATION_MODE = wholemodule;
				VALIDATE_PRODUCT = YES;
			};
			name = Release;
		};
		45C1CBA12C8F171B002A3F57 /* Debug */ = {
			isa = XCBuildConfiguration;
			buildSettings = {
				ASSETCATALOG_COMPILER_APPICON_NAME = AppIcon;
				ASSETCATALOG_COMPILER_GLOBAL_ACCENT_COLOR_NAME = AccentColor;
				CODE_SIGN_STYLE = Automatic;
				CURRENT_PROJECT_VERSION = 1;
				GENERATE_INFOPLIST_FILE = YES;
				INFOPLIST_FILE = ImagesDisplayer/Info.plist;
				INFOPLIST_KEY_UIApplicationSupportsIndirectInputEvents = YES;
				INFOPLIST_KEY_UILaunchStoryboardName = LaunchScreen;
				INFOPLIST_KEY_UISupportedInterfaceOrientations = "UIInterfaceOrientationLandscapeLeft UIInterfaceOrientationLandscapeRight UIInterfaceOrientationPortrait";
				INFOPLIST_KEY_UISupportedInterfaceOrientations_iPad = "UIInterfaceOrientationLandscapeLeft UIInterfaceOrientationLandscapeRight UIInterfaceOrientationPortrait UIInterfaceOrientationPortraitUpsideDown";
				LD_RUNPATH_SEARCH_PATHS = (
					"$(inherited)",
					"@executable_path/Frameworks",
				);
				MARKETING_VERSION = 1.0;
				PRODUCT_BUNDLE_IDENTIFIER = "com.intexsoft.vadim-ohapkin.ImagesDisplayer";
				PRODUCT_NAME = "$(TARGET_NAME)";
				SUPPORTED_PLATFORMS = "iphoneos iphonesimulator";
				SUPPORTS_MACCATALYST = NO;
				SUPPORTS_MAC_DESIGNED_FOR_IPHONE_IPAD = NO;
				SUPPORTS_XR_DESIGNED_FOR_IPHONE_IPAD = NO;
				SWIFT_EMIT_LOC_STRINGS = YES;
				SWIFT_VERSION = 5.0;
				TARGETED_DEVICE_FAMILY = 1;
			};
			name = Debug;
		};
		45C1CBA22C8F171B002A3F57 /* Release */ = {
			isa = XCBuildConfiguration;
			buildSettings = {
				ASSETCATALOG_COMPILER_APPICON_NAME = AppIcon;
				ASSETCATALOG_COMPILER_GLOBAL_ACCENT_COLOR_NAME = AccentColor;
				CODE_SIGN_STYLE = Automatic;
				CURRENT_PROJECT_VERSION = 1;
				GENERATE_INFOPLIST_FILE = YES;
				INFOPLIST_FILE = ImagesDisplayer/Info.plist;
				INFOPLIST_KEY_UIApplicationSupportsIndirectInputEvents = YES;
				INFOPLIST_KEY_UILaunchStoryboardName = LaunchScreen;
				INFOPLIST_KEY_UISupportedInterfaceOrientations = "UIInterfaceOrientationLandscapeLeft UIInterfaceOrientationLandscapeRight UIInterfaceOrientationPortrait";
				INFOPLIST_KEY_UISupportedInterfaceOrientations_iPad = "UIInterfaceOrientationLandscapeLeft UIInterfaceOrientationLandscapeRight UIInterfaceOrientationPortrait UIInterfaceOrientationPortraitUpsideDown";
				LD_RUNPATH_SEARCH_PATHS = (
					"$(inherited)",
					"@executable_path/Frameworks",
				);
				MARKETING_VERSION = 1.0;
				PRODUCT_BUNDLE_IDENTIFIER = "com.intexsoft.vadim-ohapkin.ImagesDisplayer";
				PRODUCT_NAME = "$(TARGET_NAME)";
				SUPPORTED_PLATFORMS = "iphoneos iphonesimulator";
				SUPPORTS_MACCATALYST = NO;
				SUPPORTS_MAC_DESIGNED_FOR_IPHONE_IPAD = NO;
				SUPPORTS_XR_DESIGNED_FOR_IPHONE_IPAD = NO;
				SWIFT_EMIT_LOC_STRINGS = YES;
				SWIFT_VERSION = 5.0;
				TARGETED_DEVICE_FAMILY = 1;
			};
			name = Release;
		};
/* End XCBuildConfiguration section */

/* Begin XCConfigurationList section */
		45C1CB872C8F171A002A3F57 /* Build configuration list for PBXProject "ImagesDisplayer" */ = {
			isa = XCConfigurationList;
			buildConfigurations = (
				45C1CB9E2C8F171B002A3F57 /* Debug */,
				45C1CB9F2C8F171B002A3F57 /* Release */,
			);
			defaultConfigurationIsVisible = 0;
			defaultConfigurationName = Release;
		};
		45C1CBA02C8F171B002A3F57 /* Build configuration list for PBXNativeTarget "ImagesDisplayer" */ = {
			isa = XCConfigurationList;
			buildConfigurations = (
				45C1CBA12C8F171B002A3F57 /* Debug */,
				45C1CBA22C8F171B002A3F57 /* Release */,
			);
			defaultConfigurationIsVisible = 0;
			defaultConfigurationName = Release;
		};
/* End XCConfigurationList section */
	};
	rootObject = 45C1CB842C8F171A002A3F57 /* Project object */;
}
